Microsoft Visual Studio Solution File, Format Version 12.00
# Visual Studio Version 16
VisualStudioVersion = 16.0.29025.244
MinimumVisualStudioVersion = 15.0.26124.0
Project("{2150E333-8FDC-42A3-9474-1A3956D46DE8}") = "src", "src", "{2E2F3543-25DB-43BD-A8A9-9691F4D6B957}"
EndProject
Project("{2150E333-8FDC-42A3-9474-1A3956D46DE8}") = "samples", "samples", "{82B0859E-A87A-46BA-9054-B5BC558C423B}"
EndProject
Project("{9A19103F-16F7-4668-BE54-9A1E7A4F7556}") = "ITGlobal.MarkDocs", "src\ITGlobal.MarkDocs\ITGlobal.MarkDocs.csproj", "{03D26BF3-F55D-427F-9730-A334E915EB10}"
EndProject
Project("{9A19103F-16F7-4668-BE54-9A1E7A4F7556}") = "ITGlobal.MarkDocs.Core", "src\ITGlobal.MarkDocs.Core\ITGlobal.MarkDocs.Core.csproj", "{FF02BBF2-575F-43A4-A51E-62A553CE0D59}"
EndProject
Project("{9A19103F-16F7-4668-BE54-9A1E7A4F7556}") = "ITGlobal.MarkDocs.Git", "src\ITGlobal.MarkDocs.Git\ITGlobal.MarkDocs.Git.csproj", "{5C449B73-09DC-476C-80D9-7FFECF6C4FD8}"
EndProject
Project("{9A19103F-16F7-4668-BE54-9A1E7A4F7556}") = "ITGlobal.MarkDocs.Markdown", "src\ITGlobal.MarkDocs.Markdown\ITGlobal.MarkDocs.Markdown.csproj", "{88339E7A-5CB8-4134-AD2B-EAA3CBB3F3B5}"
EndProject
Project("{9A19103F-16F7-4668-BE54-9A1E7A4F7556}") = "ITGlobal.MarkDocs.Tags", "src\ITGlobal.MarkDocs.Tags\ITGlobal.MarkDocs.Tags.csproj", "{774FDDB5-E880-4C77-B813-73AC2A681D36}"
EndProject
Project("{9A19103F-16F7-4668-BE54-9A1E7A4F7556}") = "ITGlobal.MarkDocs.Example", "samples\ITGlobal.MarkDocs.Example\ITGlobal.MarkDocs.Example.csproj", "{F797F9C6-22F1-4265-9B88-0E0B71F1B014}"
EndProject
Project("{9A19103F-16F7-4668-BE54-9A1E7A4F7556}") = "ITGlobal.MarkDocs.Search", "src\ITGlobal.MarkDocs.Search\ITGlobal.MarkDocs.Search.csproj", "{8D303CAA-F61F-4C34-B7CE-406D17603DC9}"
EndProject
Project("{9A19103F-16F7-4668-BE54-9A1E7A4F7556}") = "markdocs", "src\markdocs\markdocs.csproj", "{11B24E18-8606-4DDC-B865-9D159D77EF40}"
EndProject
Project("{9A19103F-16F7-4668-BE54-9A1E7A4F7556}") = "ITGlobal.MarkDocs.Blog", "src\ITGlobal.MarkDocs.Blog\ITGlobal.MarkDocs.Blog.csproj", "{F18927A4-A828-4A48-81CE-BBAA77D421B4}"
EndProject
Project("{9A19103F-16F7-4668-BE54-9A1E7A4F7556}") = "ITGlobal.MarkDocs.Blog.Example", "samples\ITGlobal.MarkDocs.Blog.Example\ITGlobal.MarkDocs.Blog.Example.csproj", "{146F27F4-8407-4489-AD27-B498173265C4}"
EndProject
Project("{9A19103F-16F7-4668-BE54-9A1E7A4F7556}") = "ITGlobal.MarkDocs.DirectorySource", "src\ITGlobal.MarkDocs.DirectorySource\ITGlobal.MarkDocs.DirectorySource.csproj", "{7EEB65A5-21F7-411F-B9FB-E76CE5A65240}"
EndProject
Project("{9A19103F-16F7-4668-BE54-9A1E7A4F7556}") = "ITGlobal.MarkDocs.DiskCache", "src\ITGlobal.MarkDocs.DiskCache\ITGlobal.MarkDocs.DiskCache.csproj", "{82D5BABB-9BE6-4BE7-83BC-B8A84F9B7A7C}"
EndProject
Project("{9A19103F-16F7-4668-BE54-9A1E7A4F7556}") = "markdocs-site", "src\markdocs-site\markdocs-site.csproj", "{F3100A5B-3310-4993-8824-BC68B16B6573}"
EndProject
Global
	GlobalSection(SolutionConfigurationPlatforms) = preSolution
		Debug|Any CPU = Debug|Any CPU
		Release|Any CPU = Release|Any CPU
	EndGlobalSection
	GlobalSection(ProjectConfigurationPlatforms) = postSolution
		{03D26BF3-F55D-427F-9730-A334E915EB10}.Debug|Any CPU.ActiveCfg = Debug|Any CPU
		{03D26BF3-F55D-427F-9730-A334E915EB10}.Debug|Any CPU.Build.0 = Debug|Any CPU
		{03D26BF3-F55D-427F-9730-A334E915EB10}.Release|Any CPU.ActiveCfg = Release|Any CPU
		{03D26BF3-F55D-427F-9730-A334E915EB10}.Release|Any CPU.Build.0 = Release|Any CPU
		{FF02BBF2-575F-43A4-A51E-62A553CE0D59}.Debug|Any CPU.ActiveCfg = Debug|Any CPU
		{FF02BBF2-575F-43A4-A51E-62A553CE0D59}.Debug|Any CPU.Build.0 = Debug|Any CPU
		{FF02BBF2-575F-43A4-A51E-62A553CE0D59}.Release|Any CPU.ActiveCfg = Release|Any CPU
		{FF02BBF2-575F-43A4-A51E-62A553CE0D59}.Release|Any CPU.Build.0 = Release|Any CPU
		{5C449B73-09DC-476C-80D9-7FFECF6C4FD8}.Debug|Any CPU.ActiveCfg = Debug|Any CPU
		{5C449B73-09DC-476C-80D9-7FFECF6C4FD8}.Debug|Any CPU.Build.0 = Debug|Any CPU
		{5C449B73-09DC-476C-80D9-7FFECF6C4FD8}.Release|Any CPU.ActiveCfg = Release|Any CPU
		{5C449B73-09DC-476C-80D9-7FFECF6C4FD8}.Release|Any CPU.Build.0 = Release|Any CPU
		{88339E7A-5CB8-4134-AD2B-EAA3CBB3F3B5}.Debug|Any CPU.ActiveCfg = Debug|Any CPU
		{88339E7A-5CB8-4134-AD2B-EAA3CBB3F3B5}.Debug|Any CPU.Build.0 = Debug|Any CPU
		{88339E7A-5CB8-4134-AD2B-EAA3CBB3F3B5}.Release|Any CPU.ActiveCfg = Release|Any CPU
		{88339E7A-5CB8-4134-AD2B-EAA3CBB3F3B5}.Release|Any CPU.Build.0 = Release|Any CPU
		{774FDDB5-E880-4C77-B813-73AC2A681D36}.Debug|Any CPU.ActiveCfg = Debug|Any CPU
		{774FDDB5-E880-4C77-B813-73AC2A681D36}.Debug|Any CPU.Build.0 = Debug|Any CPU
		{774FDDB5-E880-4C77-B813-73AC2A681D36}.Release|Any CPU.ActiveCfg = Release|Any CPU
		{774FDDB5-E880-4C77-B813-73AC2A681D36}.Release|Any CPU.Build.0 = Release|Any CPU
		{F797F9C6-22F1-4265-9B88-0E0B71F1B014}.Debug|Any CPU.ActiveCfg = Debug|Any CPU
		{F797F9C6-22F1-4265-9B88-0E0B71F1B014}.Debug|Any CPU.Build.0 = Debug|Any CPU
		{F797F9C6-22F1-4265-9B88-0E0B71F1B014}.Release|Any CPU.ActiveCfg = Release|Any CPU
		{F797F9C6-22F1-4265-9B88-0E0B71F1B014}.Release|Any CPU.Build.0 = Release|Any CPU
		{8D303CAA-F61F-4C34-B7CE-406D17603DC9}.Debug|Any CPU.ActiveCfg = Debug|Any CPU
		{8D303CAA-F61F-4C34-B7CE-406D17603DC9}.Debug|Any CPU.Build.0 = Debug|Any CPU
		{8D303CAA-F61F-4C34-B7CE-406D17603DC9}.Release|Any CPU.ActiveCfg = Release|Any CPU
		{8D303CAA-F61F-4C34-B7CE-406D17603DC9}.Release|Any CPU.Build.0 = Release|Any CPU
		{11B24E18-8606-4DDC-B865-9D159D77EF40}.Debug|Any CPU.ActiveCfg = Debug|Any CPU
		{11B24E18-8606-4DDC-B865-9D159D77EF40}.Debug|Any CPU.Build.0 = Debug|Any CPU
		{11B24E18-8606-4DDC-B865-9D159D77EF40}.Release|Any CPU.ActiveCfg = Release|Any CPU
		{11B24E18-8606-4DDC-B865-9D159D77EF40}.Release|Any CPU.Build.0 = Release|Any CPU
		{F18927A4-A828-4A48-81CE-BBAA77D421B4}.Debug|Any CPU.ActiveCfg = Debug|Any CPU
		{F18927A4-A828-4A48-81CE-BBAA77D421B4}.Debug|Any CPU.Build.0 = Debug|Any CPU
		{F18927A4-A828-4A48-81CE-BBAA77D421B4}.Release|Any CPU.ActiveCfg = Release|Any CPU
		{F18927A4-A828-4A48-81CE-BBAA77D421B4}.Release|Any CPU.Build.0 = Release|Any CPU
		{146F27F4-8407-4489-AD27-B498173265C4}.Debug|Any CPU.ActiveCfg = Debug|Any CPU
		{146F27F4-8407-4489-AD27-B498173265C4}.Debug|Any CPU.Build.0 = Debug|Any CPU
		{146F27F4-8407-4489-AD27-B498173265C4}.Release|Any CPU.ActiveCfg = Release|Any CPU
		{146F27F4-8407-4489-AD27-B498173265C4}.Release|Any CPU.Build.0 = Release|Any CPU
		{7EEB65A5-21F7-411F-B9FB-E76CE5A65240}.Debug|Any CPU.ActiveCfg = Debug|Any CPU
		{7EEB65A5-21F7-411F-B9FB-E76CE5A65240}.Debug|Any CPU.Build.0 = Debug|Any CPU
		{7EEB65A5-21F7-411F-B9FB-E76CE5A65240}.Release|Any CPU.ActiveCfg = Release|Any CPU
		{7EEB65A5-21F7-411F-B9FB-E76CE5A65240}.Release|Any CPU.Build.0 = Release|Any CPU
		{82D5BABB-9BE6-4BE7-83BC-B8A84F9B7A7C}.Debug|Any CPU.ActiveCfg = Debug|Any CPU
		{82D5BABB-9BE6-4BE7-83BC-B8A84F9B7A7C}.Debug|Any CPU.Build.0 = Debug|Any CPU
		{82D5BABB-9BE6-4BE7-83BC-B8A84F9B7A7C}.Release|Any CPU.ActiveCfg = Release|Any CPU
		{82D5BABB-9BE6-4BE7-83BC-B8A84F9B7A7C}.Release|Any CPU.Build.0 = Release|Any CPU
		{F3100A5B-3310-4993-8824-BC68B16B6573}.Debug|Any CPU.ActiveCfg = Debug|Any CPU
		{F3100A5B-3310-4993-8824-BC68B16B6573}.Debug|Any CPU.Build.0 = Debug|Any CPU
		{F3100A5B-3310-4993-8824-BC68B16B6573}.Release|Any CPU.ActiveCfg = Release|Any CPU
		{F3100A5B-3310-4993-8824-BC68B16B6573}.Release|Any CPU.Build.0 = Release|Any CPU
	EndGlobalSection
	GlobalSection(SolutionProperties) = preSolution
		HideSolutionNode = FALSE
	EndGlobalSection
	GlobalSection(NestedProjects) = preSolution
		{03D26BF3-F55D-427F-9730-A334E915EB10} = {2E2F3543-25DB-43BD-A8A9-9691F4D6B957}
		{FF02BBF2-575F-43A4-A51E-62A553CE0D59} = {2E2F3543-25DB-43BD-A8A9-9691F4D6B957}
		{5C449B73-09DC-476C-80D9-7FFECF6C4FD8} = {2E2F3543-25DB-43BD-A8A9-9691F4D6B957}
		{88339E7A-5CB8-4134-AD2B-EAA3CBB3F3B5} = {2E2F3543-25DB-43BD-A8A9-9691F4D6B957}
		{774FDDB5-E880-4C77-B813-73AC2A681D36} = {2E2F3543-25DB-43BD-A8A9-9691F4D6B957}
		{F797F9C6-22F1-4265-9B88-0E0B71F1B014} = {82B0859E-A87A-46BA-9054-B5BC558C423B}
		{8D303CAA-F61F-4C34-B7CE-406D17603DC9} = {2E2F3543-25DB-43BD-A8A9-9691F4D6B957}
		{11B24E18-8606-4DDC-B865-9D159D77EF40} = {2E2F3543-25DB-43BD-A8A9-9691F4D6B957}
		{F18927A4-A828-4A48-81CE-BBAA77D421B4} = {2E2F3543-25DB-43BD-A8A9-9691F4D6B957}
		{146F27F4-8407-4489-AD27-B498173265C4} = {82B0859E-A87A-46BA-9054-B5BC558C423B}
		{7EEB65A5-21F7-411F-B9FB-E76CE5A65240} = {2E2F3543-25DB-43BD-A8A9-9691F4D6B957}
		{82D5BABB-9BE6-4BE7-83BC-B8A84F9B7A7C} = {2E2F3543-25DB-43BD-A8A9-9691F4D6B957}
		{F3100A5B-3310-4993-8824-BC68B16B6573} = {2E2F3543-25DB-43BD-A8A9-9691F4D6B957}
	EndGlobalSection
	GlobalSection(ExtensibilityGlobals) = postSolution
		SolutionGuid = {C4559CD4-0E2F-4D43-9CAA-192FD444E1E1}
	EndGlobalSection
EndGlobal
