Microsoft Visual Studio Solution File, Format Version 12.00
# Visual Studio 15
VisualStudioVersion = 15.0.26430.16
MinimumVisualStudioVersion = 15.0.26124.0
Project("{2150E333-8FDC-42A3-9474-1A3956D46DE8}") = "src", "src", "{2E2F3543-25DB-43BD-A8A9-9691F4D6B957}"
	ProjectSection(SolutionItems) = preProject
		src\common.props = src\common.props
	EndProjectSection
EndProject
Project("{2150E333-8FDC-42A3-9474-1A3956D46DE8}") = "samples", "samples", "{82B0859E-A87A-46BA-9054-B5BC558C423B}"
EndProject
Project("{9A19103F-16F7-4668-BE54-9A1E7A4F7556}") = "ITGlobal.MarkDocs", "src\ITGlobal.MarkDocs\ITGlobal.MarkDocs.csproj", "{03D26BF3-F55D-427F-9730-A334E915EB10}"
EndProject
Project("{9A19103F-16F7-4668-BE54-9A1E7A4F7556}") = "ITGlobal.MarkDocs.Core", "src\ITGlobal.MarkDocs.Core\ITGlobal.MarkDocs.Core.csproj", "{FF02BBF2-575F-43A4-A51E-62A553CE0D59}"
EndProject
Project("{9A19103F-16F7-4668-BE54-9A1E7A4F7556}") = "ITGlobal.MarkDocs.Git", "src\ITGlobal.MarkDocs.Git\ITGlobal.MarkDocs.Git.csproj", "{5C449B73-09DC-476C-80D9-7FFECF6C4FD8}"
EndProject
Project("{9A19103F-16F7-4668-BE54-9A1E7A4F7556}") = "ITGlobal.MarkDocs.Markdown", "src\ITGlobal.MarkDocs.Markdown\ITGlobal.MarkDocs.Markdown.csproj", "{88339E7A-5CB8-4134-AD2B-EAA3CBB3F3B5}"
EndProject
Project("{9A19103F-16F7-4668-BE54-9A1E7A4F7556}") = "ITGlobal.MarkDocs.Tags", "src\ITGlobal.MarkDocs.Tags\ITGlobal.MarkDocs.Tags.csproj", "{774FDDB5-E880-4C77-B813-73AC2A681D36}"
EndProject
Project("{9A19103F-16F7-4668-BE54-9A1E7A4F7556}") = "ITGlobal.MarkDocs.Example", "samples\ITGlobal.MarkDocs.Example\ITGlobal.MarkDocs.Example.csproj", "{F797F9C6-22F1-4265-9B88-0E0B71F1B014}"
EndProject
Project("{9A19103F-16F7-4668-BE54-9A1E7A4F7556}") = "markdocs-gen", "samples\markdocs-gen\markdocs-gen.csproj", "{AB3591F5-B14A-46F0-931E-BAE73B3BF7B0}"
EndProject
Global
	GlobalSection(SolutionConfigurationPlatforms) = preSolution
		Debug|Any CPU = Debug|Any CPU
		Release|Any CPU = Release|Any CPU
	EndGlobalSection
	GlobalSection(ProjectConfigurationPlatforms) = postSolution
		{03D26BF3-F55D-427F-9730-A334E915EB10}.Debug|Any CPU.ActiveCfg = Debug|Any CPU
		{03D26BF3-F55D-427F-9730-A334E915EB10}.Debug|Any CPU.Build.0 = Debug|Any CPU
		{03D26BF3-F55D-427F-9730-A334E915EB10}.Release|Any CPU.ActiveCfg = Release|Any CPU
		{03D26BF3-F55D-427F-9730-A334E915EB10}.Release|Any CPU.Build.0 = Release|Any CPU
		{FF02BBF2-575F-43A4-A51E-62A553CE0D59}.Debug|Any CPU.ActiveCfg = Debug|Any CPU
		{FF02BBF2-575F-43A4-A51E-62A553CE0D59}.Debug|Any CPU.Build.0 = Debug|Any CPU
		{FF02BBF2-575F-43A4-A51E-62A553CE0D59}.Release|Any CPU.ActiveCfg = Release|Any CPU
		{FF02BBF2-575F-43A4-A51E-62A553CE0D59}.Release|Any CPU.Build.0 = Release|Any CPU
		{5C449B73-09DC-476C-80D9-7FFECF6C4FD8}.Debug|Any CPU.ActiveCfg = Debug|Any CPU
		{5C449B73-09DC-476C-80D9-7FFECF6C4FD8}.Debug|Any CPU.Build.0 = Debug|Any CPU
		{5C449B73-09DC-476C-80D9-7FFECF6C4FD8}.Release|Any CPU.ActiveCfg = Release|Any CPU
		{5C449B73-09DC-476C-80D9-7FFECF6C4FD8}.Release|Any CPU.Build.0 = Release|Any CPU
		{88339E7A-5CB8-4134-AD2B-EAA3CBB3F3B5}.Debug|Any CPU.ActiveCfg = Debug|Any CPU
		{88339E7A-5CB8-4134-AD2B-EAA3CBB3F3B5}.Debug|Any CPU.Build.0 = Debug|Any CPU
		{88339E7A-5CB8-4134-AD2B-EAA3CBB3F3B5}.Release|Any CPU.ActiveCfg = Release|Any CPU
		{88339E7A-5CB8-4134-AD2B-EAA3CBB3F3B5}.Release|Any CPU.Build.0 = Release|Any CPU
		{774FDDB5-E880-4C77-B813-73AC2A681D36}.Debug|Any CPU.ActiveCfg = Debug|Any CPU
		{774FDDB5-E880-4C77-B813-73AC2A681D36}.Debug|Any CPU.Build.0 = Debug|Any CPU
		{774FDDB5-E880-4C77-B813-73AC2A681D36}.Release|Any CPU.ActiveCfg = Release|Any CPU
		{774FDDB5-E880-4C77-B813-73AC2A681D36}.Release|Any CPU.Build.0 = Release|Any CPU
		{F797F9C6-22F1-4265-9B88-0E0B71F1B014}.Debug|Any CPU.ActiveCfg = Debug|Any CPU
		{F797F9C6-22F1-4265-9B88-0E0B71F1B014}.Debug|Any CPU.Build.0 = Debug|Any CPU
		{F797F9C6-22F1-4265-9B88-0E0B71F1B014}.Release|Any CPU.ActiveCfg = Release|Any CPU
		{F797F9C6-22F1-4265-9B88-0E0B71F1B014}.Release|Any CPU.Build.0 = Release|Any CPU
		{AB3591F5-B14A-46F0-931E-BAE73B3BF7B0}.Debug|Any CPU.ActiveCfg = Debug|Any CPU
		{AB3591F5-B14A-46F0-931E-BAE73B3BF7B0}.Debug|Any CPU.Build.0 = Debug|Any CPU
		{AB3591F5-B14A-46F0-931E-BAE73B3BF7B0}.Release|Any CPU.ActiveCfg = Release|Any CPU
		{AB3591F5-B14A-46F0-931E-BAE73B3BF7B0}.Release|Any CPU.Build.0 = Release|Any CPU
	EndGlobalSection
	GlobalSection(SolutionProperties) = preSolution
		HideSolutionNode = FALSE
	EndGlobalSection
	GlobalSection(NestedProjects) = preSolution
		{03D26BF3-F55D-427F-9730-A334E915EB10} = {2E2F3543-25DB-43BD-A8A9-9691F4D6B957}
		{FF02BBF2-575F-43A4-A51E-62A553CE0D59} = {2E2F3543-25DB-43BD-A8A9-9691F4D6B957}
		{5C449B73-09DC-476C-80D9-7FFECF6C4FD8} = {2E2F3543-25DB-43BD-A8A9-9691F4D6B957}
		{88339E7A-5CB8-4134-AD2B-EAA3CBB3F3B5} = {2E2F3543-25DB-43BD-A8A9-9691F4D6B957}
		{774FDDB5-E880-4C77-B813-73AC2A681D36} = {2E2F3543-25DB-43BD-A8A9-9691F4D6B957}
		{F797F9C6-22F1-4265-9B88-0E0B71F1B014} = {82B0859E-A87A-46BA-9054-B5BC558C423B}
		{AB3591F5-B14A-46F0-931E-BAE73B3BF7B0} = {82B0859E-A87A-46BA-9054-B5BC558C423B}
	EndGlobalSection
EndGlobal
